
Microsoft Visual Studio Solution File, Format Version 12.00
# Visual Studio Version 17
VisualStudioVersion = 17.5.002.0
MinimumVisualStudioVersion = 10.0.40219.1
Project("{9A19103F-16F7-4668-BE54-9A1E7A4F7556}") = "DesafioPOO", "DesafioPOO.csproj", "{2ACA22CB-E8A5-4A82-9E8A-1C7F30A83169}"
EndProject
Global
	GlobalSection(SolutionConfigurationPlatforms) = preSolution
		Debug|Any CPU = Debug|Any CPU
		Release|Any CPU = Release|Any CPU
	EndGlobalSection
	GlobalSection(ProjectConfigurationPlatforms) = postSolution
		{2ACA22CB-E8A5-4A82-9E8A-1C7F30A83169}.Debug|Any CPU.ActiveCfg = Debug|Any CPU
		{2ACA22CB-E8A5-4A82-9E8A-1C7F30A83169}.Debug|Any CPU.Build.0 = Debug|Any CPU
		{2ACA22CB-E8A5-4A82-9E8A-1C7F30A83169}.Release|Any CPU.ActiveCfg = Release|Any CPU
		{2ACA22CB-E8A5-4A82-9E8A-1C7F30A83169}.Release|Any CPU.Build.0 = Release|Any CPU
	EndGlobalSection
	GlobalSection(SolutionProperties) = preSolution
		HideSolutionNode = FALSE
	EndGlobalSection
	GlobalSection(ExtensibilityGlobals) = postSolution
		SolutionGuid = {D4EE47AE-3A25-420B-9369-9012D11CD96B}
	EndGlobalSection
EndGlobal
